
Microsoft Visual Studio Solution File, Format Version 12.00
# Visual Studio Version 17
VisualStudioVersion = 17.13.35828.75
MinimumVisualStudioVersion = 10.0.40219.1
Project("{2150E333-8FDC-42A3-9474-1A3956D46DE8}") = "src", "src", "{02EA681E-C7D8-13C7-8484-4AC65E1B71E8}"
EndProject
Project("{FAE04EC0-301F-11D3-BF4B-00C04F79EFBC}") = "Corporate.CashFlow.Api", "src\Corporate.CashFlow.Api\Corporate.CashFlow.Api.csproj", "{130B0B33-9574-C6F5-114F-83577F1FEF22}"
EndProject
Project("{2150E333-8FDC-42A3-9474-1A3956D46DE8}") = "Solution Items", "Solution Items", "{8EC462FD-D22E-90A8-E5CE-7E832BA40C5D}"
	ProjectSection(SolutionItems) = preProject
		Directory.Build.props = Directory.Build.props
		Directory.Packages.props = Directory.Packages.props
		README.md = README.md
	EndProjectSection
EndProject
Project("{FAE04EC0-301F-11D3-BF4B-00C04F79EFBC}") = "Corporate.CashFlow.AppHost", "src\Corporate.CashFlow.AppHost\Corporate.CashFlow.AppHost.csproj", "{6C1F2BA6-FC24-4DF5-81CA-C3F7C3DD9486}"
EndProject
Project("{2150E333-8FDC-42A3-9474-1A3956D46DE8}") = "Workers", "Workers", "{D50FE0E1-B939-4DD9-9CC1-DBEC9F7B54EE}"
EndProject
Project("{FAE04EC0-301F-11D3-BF4B-00C04F79EFBC}") = "Corporate.Cashflow.Application", "src\Corporate.Cashflow.Application\Corporate.Cashflow.Application.csproj", "{43609E1B-7D8F-4348-A9F2-A7497BEAE75B}"
EndProject
Project("{FAE04EC0-301F-11D3-BF4B-00C04F79EFBC}") = "Corporate.Cashflow.Infraestructure", "src\Corporate.Cashflow.Infraestructure\Corporate.Cashflow.Infraestructure.csproj", "{E90C380E-2712-4E09-A0E3-0CA239CF4177}"
EndProject
Project("{FAE04EC0-301F-11D3-BF4B-00C04F79EFBC}") = "Corporate.Cashflow.Domain", "src\Corporate.Cashflow.Domain\Corporate.Cashflow.Domain.csproj", "{BE2A2C78-FA24-4E8B-8351-E32F080895C3}"
EndProject
Project("{FAE04EC0-301F-11D3-BF4B-00C04F79EFBC}") = "ServiceDefaults", "src\ServiceDefaults\ServiceDefaults.csproj", "{E3C0E21B-371B-ACD5-5FF0-77C353D89E20}"
EndProject
Project("{FAE04EC0-301F-11D3-BF4B-00C04F79EFBC}") = "Corporate.Cashflow.Worker.Consumer", "src\Corporate.Cashflow.Worker.Consumer\Corporate.Cashflow.Worker.Consumer.csproj", "{BE4545C8-368F-4346-B40F-EA3355B0D579}"
EndProject
Project("{2150E333-8FDC-42A3-9474-1A3956D46DE8}") = "IdentityServer", "IdentityServer", "{A38B9B84-FCFA-4BB9-A6F6-B891C698DBDB}"
EndProject
Project("{FAE04EC0-301F-11D3-BF4B-00C04F79EFBC}") = "Corporate.Cashflow.IdentityServer.Api", "src\IdentityServicer\Corporate.Cashflow.IdentityService.Api\Corporate.Cashflow.IdentityServer.Api.csproj", "{8B6BC423-E5E1-4ED9-BDF1-0B52BE2DC7CA}"
EndProject
Project("{2150E333-8FDC-42A3-9474-1A3956D46DE8}") = "tests", "tests", "{C43D46C2-4931-48DD-BF34-B007F9C74358}"
	ProjectSection(SolutionItems) = preProject
		tests\Directory.Build.props = tests\Directory.Build.props
		tests\Directory.Packages.props = tests\Directory.Packages.props
	EndProjectSection
EndProject
Project("{FAE04EC0-301F-11D3-BF4B-00C04F79EFBC}") = "Corporate.Cashflow.Integrations.Texts", "tests\Corporate.Cashflow.Integrations.Texts\Corporate.Cashflow.Integrations.Texts.csproj", "{897EB857-C31C-4A41-986B-F0B719030504}"
EndProject
Project("{FAE04EC0-301F-11D3-BF4B-00C04F79EFBC}") = "Corporate.Cashflow.Unit.Tests", "tests\Corporate.Cashflow.Unit.Tests\Corporate.Cashflow.Unit.Tests.csproj", "{F5CF77AC-A4B4-4AD3-A852-CFE2E3AAFF51}"
EndProject
Global
	GlobalSection(SolutionConfigurationPlatforms) = preSolution
		Debug|Any CPU = Debug|Any CPU
		Release|Any CPU = Release|Any CPU
	EndGlobalSection
	GlobalSection(ProjectConfigurationPlatforms) = postSolution
		{130B0B33-9574-C6F5-114F-83577F1FEF22}.Debug|Any CPU.ActiveCfg = Debug|Any CPU
		{130B0B33-9574-C6F5-114F-83577F1FEF22}.Debug|Any CPU.Build.0 = Debug|Any CPU
		{130B0B33-9574-C6F5-114F-83577F1FEF22}.Release|Any CPU.ActiveCfg = Release|Any CPU
		{130B0B33-9574-C6F5-114F-83577F1FEF22}.Release|Any CPU.Build.0 = Release|Any CPU
		{6C1F2BA6-FC24-4DF5-81CA-C3F7C3DD9486}.Debug|Any CPU.ActiveCfg = Debug|Any CPU
		{6C1F2BA6-FC24-4DF5-81CA-C3F7C3DD9486}.Debug|Any CPU.Build.0 = Debug|Any CPU
		{6C1F2BA6-FC24-4DF5-81CA-C3F7C3DD9486}.Release|Any CPU.ActiveCfg = Release|Any CPU
		{6C1F2BA6-FC24-4DF5-81CA-C3F7C3DD9486}.Release|Any CPU.Build.0 = Release|Any CPU
		{43609E1B-7D8F-4348-A9F2-A7497BEAE75B}.Debug|Any CPU.ActiveCfg = Debug|Any CPU
		{43609E1B-7D8F-4348-A9F2-A7497BEAE75B}.Debug|Any CPU.Build.0 = Debug|Any CPU
		{43609E1B-7D8F-4348-A9F2-A7497BEAE75B}.Release|Any CPU.ActiveCfg = Release|Any CPU
		{43609E1B-7D8F-4348-A9F2-A7497BEAE75B}.Release|Any CPU.Build.0 = Release|Any CPU
		{E90C380E-2712-4E09-A0E3-0CA239CF4177}.Debug|Any CPU.ActiveCfg = Debug|Any CPU
		{E90C380E-2712-4E09-A0E3-0CA239CF4177}.Debug|Any CPU.Build.0 = Debug|Any CPU
		{E90C380E-2712-4E09-A0E3-0CA239CF4177}.Release|Any CPU.ActiveCfg = Release|Any CPU
		{E90C380E-2712-4E09-A0E3-0CA239CF4177}.Release|Any CPU.Build.0 = Release|Any CPU
		{BE2A2C78-FA24-4E8B-8351-E32F080895C3}.Debug|Any CPU.ActiveCfg = Debug|Any CPU
		{BE2A2C78-FA24-4E8B-8351-E32F080895C3}.Debug|Any CPU.Build.0 = Debug|Any CPU
		{BE2A2C78-FA24-4E8B-8351-E32F080895C3}.Release|Any CPU.ActiveCfg = Release|Any CPU
		{BE2A2C78-FA24-4E8B-8351-E32F080895C3}.Release|Any CPU.Build.0 = Release|Any CPU
		{E3C0E21B-371B-ACD5-5FF0-77C353D89E20}.Debug|Any CPU.ActiveCfg = Debug|Any CPU
		{E3C0E21B-371B-ACD5-5FF0-77C353D89E20}.Debug|Any CPU.Build.0 = Debug|Any CPU
		{E3C0E21B-371B-ACD5-5FF0-77C353D89E20}.Release|Any CPU.ActiveCfg = Release|Any CPU
		{E3C0E21B-371B-ACD5-5FF0-77C353D89E20}.Release|Any CPU.Build.0 = Release|Any CPU
		{BE4545C8-368F-4346-B40F-EA3355B0D579}.Debug|Any CPU.ActiveCfg = Debug|Any CPU
		{BE4545C8-368F-4346-B40F-EA3355B0D579}.Debug|Any CPU.Build.0 = Debug|Any CPU
		{BE4545C8-368F-4346-B40F-EA3355B0D579}.Release|Any CPU.ActiveCfg = Release|Any CPU
		{BE4545C8-368F-4346-B40F-EA3355B0D579}.Release|Any CPU.Build.0 = Release|Any CPU
		{8B6BC423-E5E1-4ED9-BDF1-0B52BE2DC7CA}.Debug|Any CPU.ActiveCfg = Debug|Any CPU
		{8B6BC423-E5E1-4ED9-BDF1-0B52BE2DC7CA}.Debug|Any CPU.Build.0 = Debug|Any CPU
		{8B6BC423-E5E1-4ED9-BDF1-0B52BE2DC7CA}.Release|Any CPU.ActiveCfg = Release|Any CPU
		{8B6BC423-E5E1-4ED9-BDF1-0B52BE2DC7CA}.Release|Any CPU.Build.0 = Release|Any CPU
		{897EB857-C31C-4A41-986B-F0B719030504}.Debug|Any CPU.ActiveCfg = Debug|Any CPU
		{897EB857-C31C-4A41-986B-F0B719030504}.Debug|Any CPU.Build.0 = Debug|Any CPU
		{897EB857-C31C-4A41-986B-F0B719030504}.Release|Any CPU.ActiveCfg = Release|Any CPU
		{897EB857-C31C-4A41-986B-F0B719030504}.Release|Any CPU.Build.0 = Release|Any CPU
		{F5CF77AC-A4B4-4AD3-A852-CFE2E3AAFF51}.Debug|Any CPU.ActiveCfg = Debug|Any CPU
		{F5CF77AC-A4B4-4AD3-A852-CFE2E3AAFF51}.Debug|Any CPU.Build.0 = Debug|Any CPU
		{F5CF77AC-A4B4-4AD3-A852-CFE2E3AAFF51}.Release|Any CPU.ActiveCfg = Release|Any CPU
		{F5CF77AC-A4B4-4AD3-A852-CFE2E3AAFF51}.Release|Any CPU.Build.0 = Release|Any CPU
	EndGlobalSection
	GlobalSection(SolutionProperties) = preSolution
		HideSolutionNode = FALSE
	EndGlobalSection
	GlobalSection(NestedProjects) = preSolution
		{130B0B33-9574-C6F5-114F-83577F1FEF22} = {02EA681E-C7D8-13C7-8484-4AC65E1B71E8}
		{6C1F2BA6-FC24-4DF5-81CA-C3F7C3DD9486} = {02EA681E-C7D8-13C7-8484-4AC65E1B71E8}
		{D50FE0E1-B939-4DD9-9CC1-DBEC9F7B54EE} = {02EA681E-C7D8-13C7-8484-4AC65E1B71E8}
		{43609E1B-7D8F-4348-A9F2-A7497BEAE75B} = {02EA681E-C7D8-13C7-8484-4AC65E1B71E8}
		{E90C380E-2712-4E09-A0E3-0CA239CF4177} = {02EA681E-C7D8-13C7-8484-4AC65E1B71E8}
		{BE2A2C78-FA24-4E8B-8351-E32F080895C3} = {02EA681E-C7D8-13C7-8484-4AC65E1B71E8}
		{E3C0E21B-371B-ACD5-5FF0-77C353D89E20} = {02EA681E-C7D8-13C7-8484-4AC65E1B71E8}
		{BE4545C8-368F-4346-B40F-EA3355B0D579} = {D50FE0E1-B939-4DD9-9CC1-DBEC9F7B54EE}
		{A38B9B84-FCFA-4BB9-A6F6-B891C698DBDB} = {02EA681E-C7D8-13C7-8484-4AC65E1B71E8}
		{8B6BC423-E5E1-4ED9-BDF1-0B52BE2DC7CA} = {A38B9B84-FCFA-4BB9-A6F6-B891C698DBDB}
		{897EB857-C31C-4A41-986B-F0B719030504} = {C43D46C2-4931-48DD-BF34-B007F9C74358}
		{F5CF77AC-A4B4-4AD3-A852-CFE2E3AAFF51} = {C43D46C2-4931-48DD-BF34-B007F9C74358}
	EndGlobalSection
	GlobalSection(ExtensibilityGlobals) = postSolution
		SolutionGuid = {71268D27-6D1F-4EBD-A6B8-5BBAAD25AA93}
	EndGlobalSection
EndGlobal
